# This file is automatically @generated by Poetry 1.7.1 and should not be changed by hand.

[[package]]
name = "fake-volttron"
version = "0.1.0"
description = "fake volttron library for testing github tool"
optional = false
python-versions = ">=3.10,<4.0"
files = [
    {file = "fake_volttron-0.1.0-py3-none-any.whl", hash = "sha256:9ce90dceb57e169fe0285690a768ea0ca8d486981c2b922fe6161c4300979587"},
    {file = "fake_volttron-0.1.0.tar.gz", hash = "sha256:8be9c656d8296762f4cadadb11206d6f229c1282c197c249a79109ad0ca903b8"},
]

[package.source]
type = "legacy"
url = "https://test.pypi.org/simple"
reference = "test-pypi"

[metadata]
lock-version = "2.0"
python-versions = "^3.10"
content-hash = "5e0992b6d046ace590a8884b2ee05fc41092bb3e87475aae9c4034159c80d5ce"
